
Microsoft Visual Studio Solution File, Format Version 12.00
# Visual Studio Version 17
VisualStudioVersion = 17.7.34202.233
MinimumVisualStudioVersion = 10.0.40219.1
Project("{9A19103F-16F7-4668-BE54-9A1E7A4F7556}") = "FISS-CommunicationConfig", "FISS-CommunicationConfig.csproj", "{2FC09FDA-1A3F-445B-92BB-9C46D71E7FB1}"
EndProject
Project("{9A19103F-16F7-4668-BE54-9A1E7A4F7556}") = "FG-STModels", "..\FG-STModels\FG-STModels\FG-STModels.csproj", "{7DF90FDC-0F52-43DD-9A3E-46BA2B2A873B}"
EndProject
Global
	GlobalSection(SolutionConfigurationPlatforms) = preSolution
		Debug|Any CPU = Debug|Any CPU
		Release|Any CPU = Release|Any CPU
	EndGlobalSection
	GlobalSection(ProjectConfigurationPlatforms) = postSolution
		{2FC09FDA-1A3F-445B-92BB-9C46D71E7FB1}.Debug|Any CPU.ActiveCfg = Debug|Any CPU
		{2FC09FDA-1A3F-445B-92BB-9C46D71E7FB1}.Debug|Any CPU.Build.0 = Debug|Any CPU
		{2FC09FDA-1A3F-445B-92BB-9C46D71E7FB1}.Release|Any CPU.ActiveCfg = Release|Any CPU
		{2FC09FDA-1A3F-445B-92BB-9C46D71E7FB1}.Release|Any CPU.Build.0 = Release|Any CPU
		{7DF90FDC-0F52-43DD-9A3E-46BA2B2A873B}.Debug|Any CPU.ActiveCfg = Debug|Any CPU
		{7DF90FDC-0F52-43DD-9A3E-46BA2B2A873B}.Debug|Any CPU.Build.0 = Debug|Any CPU
		{7DF90FDC-0F52-43DD-9A3E-46BA2B2A873B}.Release|Any CPU.ActiveCfg = Release|Any CPU
		{7DF90FDC-0F52-43DD-9A3E-46BA2B2A873B}.Release|Any CPU.Build.0 = Release|Any CPU
	EndGlobalSection
	GlobalSection(SolutionProperties) = preSolution
		HideSolutionNode = FALSE
	EndGlobalSection
	GlobalSection(ExtensibilityGlobals) = postSolution
		SolutionGuid = {F7C34990-DCB6-4832-90FF-AF6DDF3AC0FB}
	EndGlobalSection
EndGlobal
