
Microsoft Visual Studio Solution File, Format Version 12.00
# Visual Studio Version 17
VisualStudioVersion = 17.7.34202.233
MinimumVisualStudioVersion = 10.0.40219.1
Project("{9A19103F-16F7-4668-BE54-9A1E7A4F7556}") = "FISS-CommonServiceAPI", "FISS-CommonServiceAPI.csproj", "{1070158F-3690-437A-9BFA-0C4A244FED75}"
EndProject
Project("{9A19103F-16F7-4668-BE54-9A1E7A4F7556}") = "FG-STModels", "..\FG-STModels\FG-STModels\FG-STModels.csproj", "{A36FCBD5-7D44-42C3-967A-BD474C2DECD4}"
EndProject
Global
	GlobalSection(SolutionConfigurationPlatforms) = preSolution
		Debug|Any CPU = Debug|Any CPU
		Release|Any CPU = Release|Any CPU
	EndGlobalSection
	GlobalSection(ProjectConfigurationPlatforms) = postSolution
		{1070158F-3690-437A-9BFA-0C4A244FED75}.Debug|Any CPU.ActiveCfg = Debug|Any CPU
		{1070158F-3690-437A-9BFA-0C4A244FED75}.Debug|Any CPU.Build.0 = Debug|Any CPU
		{1070158F-3690-437A-9BFA-0C4A244FED75}.Release|Any CPU.ActiveCfg = Release|Any CPU
		{1070158F-3690-437A-9BFA-0C4A244FED75}.Release|Any CPU.Build.0 = Release|Any CPU
		{A36FCBD5-7D44-42C3-967A-BD474C2DECD4}.Debug|Any CPU.ActiveCfg = Debug|Any CPU
		{A36FCBD5-7D44-42C3-967A-BD474C2DECD4}.Debug|Any CPU.Build.0 = Debug|Any CPU
		{A36FCBD5-7D44-42C3-967A-BD474C2DECD4}.Release|Any CPU.ActiveCfg = Release|Any CPU
		{A36FCBD5-7D44-42C3-967A-BD474C2DECD4}.Release|Any CPU.Build.0 = Release|Any CPU
	EndGlobalSection
	GlobalSection(SolutionProperties) = preSolution
		HideSolutionNode = FALSE
	EndGlobalSection
	GlobalSection(ExtensibilityGlobals) = postSolution
		SolutionGuid = {01E15983-A4A9-4E15-9BFB-08FA470FADA5}
	EndGlobalSection
EndGlobal
